
Microsoft Visual Studio Solution File, Format Version 12.00
# Visual Studio Version 17
VisualStudioVersion = 17.8.34511.84
MinimumVisualStudioVersion = 10.0.40219.1
Project("{888888A0-9F3D-457C-B088-3A5042F75D52}") = "LogViewer", "LogViewer.pyproj", "{8E035817-2A33-4D73-86DB-D656469DF020}"
EndProject
Global
	GlobalSection(SolutionConfigurationPlatforms) = preSolution
		Debug|Any CPU = Debug|Any CPU
		Release|Any CPU = Release|Any CPU
	EndGlobalSection
	GlobalSection(ProjectConfigurationPlatforms) = postSolution
		{8E035817-2A33-4D73-86DB-D656469DF020}.Debug|Any CPU.ActiveCfg = Debug|Any CPU
		{8E035817-2A33-4D73-86DB-D656469DF020}.Release|Any CPU.ActiveCfg = Release|Any CPU
	EndGlobalSection
	GlobalSection(SolutionProperties) = preSolution
		HideSolutionNode = FALSE
	EndGlobalSection
	GlobalSection(ExtensibilityGlobals) = postSolution
		SolutionGuid = {C1ED7B3C-BED6-4282-9EED-4BCAED9DBA62}
	EndGlobalSection
EndGlobal
